
Microsoft Visual Studio Solution File, Format Version 12.00
# Visual Studio 15
VisualStudioVersion = 15.0.27703.2018
MinimumVisualStudioVersion = 10.0.40219.1
Project("{FAE04EC0-301F-11D3-BF4B-00C04F79EFBC}") = "SortingportCreate", "SortingportCreate\SortingportCreate.csproj", "{9F08BA7A-F7BB-4AC0-8716-35C989FF2EC4}"
EndProject
Global
	GlobalSection(SolutionConfigurationPlatforms) = preSolution
		Debug|Any CPU = Debug|Any CPU
		Release|Any CPU = Release|Any CPU
	EndGlobalSection
	GlobalSection(ProjectConfigurationPlatforms) = postSolution
		{9F08BA7A-F7BB-4AC0-8716-35C989FF2EC4}.Debug|Any CPU.ActiveCfg = Debug|Any CPU
		{9F08BA7A-F7BB-4AC0-8716-35C989FF2EC4}.Debug|Any CPU.Build.0 = Debug|Any CPU
		{9F08BA7A-F7BB-4AC0-8716-35C989FF2EC4}.Release|Any CPU.ActiveCfg = Release|Any CPU
		{9F08BA7A-F7BB-4AC0-8716-35C989FF2EC4}.Release|Any CPU.Build.0 = Release|Any CPU
	EndGlobalSection
	GlobalSection(SolutionProperties) = preSolution
		HideSolutionNode = FALSE
	EndGlobalSection
	GlobalSection(ExtensibilityGlobals) = postSolution
		SolutionGuid = {FE423CF0-F189-4F2D-BCC0-62F8FD4E5218}
	EndGlobalSection
EndGlobal
